<?xml version="1.0" encoding="utf-8"?>
<Project ToolsVersion="4.0" xmlns="http://schemas.microsoft.com/developer/msbuild/2003">
  <ItemGroup>
    <Filter Include="src">
      <UniqueIdentifier>{4FC737F1-C7A5-4376-A066-2A32D752A2FF}</UniqueIdentifier>
      <Extensions>cpp;c;cc;cxx;def;odl;idl;hpj;bat;asm;asmx</Extensions>
    </Filter>
    <Filter Include="py">
      <UniqueIdentifier>{855367ed-f646-4ae6-8050-f18d3ef4a51c}</UniqueIdentifier>
    </Filter>
  </ItemGroup>
  <ItemGroup>
    <ClInclude Include="src\game_window.h">
      <Filter>src</Filter>
    </ClInclude>
    <ClInclude Include="src\keyboard.h">
      <Filter>src</Filter>
    </ClInclude>
  </ItemGroup>
  <ItemGroup>
    <ClCompile Include="src\p1.cpp">
      <Filter>src</Filter>
    </ClCompile>
    <ClCompile Include="src\game_window.cpp">
      <Filter>src</Filter>
    </ClCompile>
    <ClCompile Include="src\keyboard.cpp">
      <Filter>src</Filter>
    </ClCompile>
  </ItemGroup>
  <ItemGroup>
    <None Include="..\x64\Release\P1.py">
      <Filter>py</Filter>
    </None>
    <None Include="..\x64\Release\P1_AI.py">
      <Filter>py</Filter>
    </None>
  </ItemGroup>
</Project>